
Microsoft Visual Studio Solution File, Format Version 12.00
# Visual Studio 2017
Project("{FAE04EC0-301F-11D3-BF4B-00C04F79EFBC}") = "Infinite Brick Breaker", "Infinite Brick Breaker.csproj", "{5897B4FF-5569-0E7A-DA7A-69EFEF625885}"
EndProject
Global
	GlobalSection(SolutionConfigurationPlatforms) = preSolution
		Debug|Any CPU = Debug|Any CPU
		Release|Any CPU = Release|Any CPU
	EndGlobalSection
	GlobalSection(ProjectConfigurationPlatforms) = postSolution
		{5897B4FF-5569-0E7A-DA7A-69EFEF625885}.Debug|Any CPU.ActiveCfg = Debug|Any CPU
		{5897B4FF-5569-0E7A-DA7A-69EFEF625885}.Debug|Any CPU.Build.0 = Debug|Any CPU
		{5897B4FF-5569-0E7A-DA7A-69EFEF625885}.Release|Any CPU.ActiveCfg = Release|Any CPU
		{5897B4FF-5569-0E7A-DA7A-69EFEF625885}.Release|Any CPU.Build.0 = Release|Any CPU
	EndGlobalSection
	GlobalSection(SolutionProperties) = preSolution
		HideSolutionNode = FALSE
	EndGlobalSection
EndGlobal
